// !$*UTF8*$!
{
	archiveVersion = 1;
	classes = {
	};
	objectVersion = 52;
	objects = {

/* Begin PBXBuildFile section */
		763713BB2680E75A006452F7 /* AppDelegate.swift in Sources */ = {isa = PBXBuildFile; fileRef = 763713BA2680E75A006452F7 /* AppDelegate.swift */; };
		763713BF2680E75A006452F7 /* SendMoneyViewController.swift in Sources */ = {isa = PBXBuildFile; fileRef = 763713BE2680E75A006452F7 /* SendMoneyViewController.swift */; };
		763713C22680E75A006452F7 /* Main.storyboard in Resources */ = {isa = PBXBuildFile; fileRef = 763713C02680E75A006452F7 /* Main.storyboard */; };
		763713C42680E75C006452F7 /* Assets.xcassets in Resources */ = {isa = PBXBuildFile; fileRef = 763713C32680E75C006452F7 /* Assets.xcassets */; };
		763713C72680E75C006452F7 /* LaunchScreen.storyboard in Resources */ = {isa = PBXBuildFile; fileRef = 763713C52680E75C006452F7 /* LaunchScreen.storyboard */; };
		763713D22680E75C006452F7 /* PenguinPayTests.swift in Sources */ = {isa = PBXBuildFile; fileRef = 763713D12680E75C006452F7 /* PenguinPayTests.swift */; };
		763713DD2680E75C006452F7 /* PenguinPayUITests.swift in Sources */ = {isa = PBXBuildFile; fileRef = 763713DC2680E75C006452F7 /* PenguinPayUITests.swift */; };
		763713EC2680ED82006452F7 /* IQKeyboardManagerSwift in Frameworks */ = {isa = PBXBuildFile; productRef = 763713EB2680ED82006452F7 /* IQKeyboardManagerSwift */; };
		763713EF2680EE6C006452F7 /* PhoneNumberKit in Frameworks */ = {isa = PBXBuildFile; productRef = 763713EE2680EE6C006452F7 /* PhoneNumberKit */; };
		763713F22680EF2A006452F7 /* Action in Frameworks */ = {isa = PBXBuildFile; productRef = 763713F12680EF2A006452F7 /* Action */; };
		763713F72680F275006452F7 /* SendMoneyViewModel.swift in Sources */ = {isa = PBXBuildFile; fileRef = 763713F62680F274006452F7 /* SendMoneyViewModel.swift */; };
		763713FB2680F5A7006452F7 /* BaseViewController.swift in Sources */ = {isa = PBXBuildFile; fileRef = 763713FA2680F5A7006452F7 /* BaseViewController.swift */; };
		763713FE268104F4006452F7 /* RoundedButton.swift in Sources */ = {isa = PBXBuildFile; fileRef = 763713FD268104F4006452F7 /* RoundedButton.swift */; };
		763714002681051A006452F7 /* NumberTextField.swift in Sources */ = {isa = PBXBuildFile; fileRef = 763713FF2681051A006452F7 /* NumberTextField.swift */; };
		7637141226814E06006452F7 /* Form.swift in Sources */ = {isa = PBXBuildFile; fileRef = 7637141126814E06006452F7 /* Form.swift */; };
		7637141426814F3D006452F7 /* UIView+Layout.swift in Sources */ = {isa = PBXBuildFile; fileRef = 7637141326814F3D006452F7 /* UIView+Layout.swift */; };
		7637141626814FE5006452F7 /* UITextField+Layout.swift in Sources */ = {isa = PBXBuildFile; fileRef = 7637141526814FE5006452F7 /* UITextField+Layout.swift */; };
		7637141A268150C7006452F7 /* NumberTextField+Rx.swift in Sources */ = {isa = PBXBuildFile; fileRef = 76371419268150C7006452F7 /* NumberTextField+Rx.swift */; };
		7637141C26815174006452F7 /* FormTextField.swift in Sources */ = {isa = PBXBuildFile; fileRef = 7637141B26815174006452F7 /* FormTextField.swift */; };
		7637141E2681523B006452F7 /* FormTextFieldInputType.swift in Sources */ = {isa = PBXBuildFile; fileRef = 7637141D2681523B006452F7 /* FormTextFieldInputType.swift */; };
		7637142C26815722006452F7 /* RxCocoa in Frameworks */ = {isa = PBXBuildFile; productRef = 7637142B26815722006452F7 /* RxCocoa */; };
		7637142E26815722006452F7 /* RxSwift in Frameworks */ = {isa = PBXBuildFile; productRef = 7637142D26815722006452F7 /* RxSwift */; };
		7637143026815722006452F7 /* RxRelay in Frameworks */ = {isa = PBXBuildFile; productRef = 7637142F26815722006452F7 /* RxRelay */; };
		7637143626815C16006452F7 /* BindingOperators.swift in Sources */ = {isa = PBXBuildFile; fileRef = 7637143526815C16006452F7 /* BindingOperators.swift */; };
		7637143826815E7B006452F7 /* String+Extensions.swift in Sources */ = {isa = PBXBuildFile; fileRef = 7637143726815E7B006452F7 /* String+Extensions.swift */; };
		76887F8B2681A25800EC2E79 /* Rx+Extensions.swift in Sources */ = {isa = PBXBuildFile; fileRef = 76887F8A2681A25800EC2E79 /* Rx+Extensions.swift */; };
		76887F8D2681A37E00EC2E79 /* Encodable+Parameters.swift in Sources */ = {isa = PBXBuildFile; fileRef = 76887F8C2681A37E00EC2E79 /* Encodable+Parameters.swift */; };
		76887F902681AFFF00EC2E79 /* PhoneNumberKit+Extensions.swift in Sources */ = {isa = PBXBuildFile; fileRef = 76887F8F2681AFFF00EC2E79 /* PhoneNumberKit+Extensions.swift */; };
		76887F922681B2AA00EC2E79 /* CustomPhoneNumberMetadata.json in Resources */ = {isa = PBXBuildFile; fileRef = 76887F912681B2AA00EC2E79 /* CustomPhoneNumberMetadata.json */; };
		76887F942681D9C100EC2E79 /* CountryPickerViewController.swift in Sources */ = {isa = PBXBuildFile; fileRef = 76887F932681D9C100EC2E79 /* CountryPickerViewController.swift */; };
		76887F962681DB2A00EC2E79 /* CountryPickerViewModel.swift in Sources */ = {isa = PBXBuildFile; fileRef = 76887F952681DB2A00EC2E79 /* CountryPickerViewModel.swift */; };
		76887F982681E63C00EC2E79 /* CountryPickerViewController+Country.swift in Sources */ = {isa = PBXBuildFile; fileRef = 76887F972681E63C00EC2E79 /* CountryPickerViewController+Country.swift */; };
		76887F9A2681E65500EC2E79 /* CountryPickerViewController+Cell.swift in Sources */ = {isa = PBXBuildFile; fileRef = 76887F992681E65500EC2E79 /* CountryPickerViewController+Cell.swift */; };
		76887F9D26821F4300EC2E79 /* OpenExchangeRatesClient.swift in Sources */ = {isa = PBXBuildFile; fileRef = 76887F9C26821F4300EC2E79 /* OpenExchangeRatesClient.swift */; };
		76887F9F26821F5500EC2E79 /* Constants.swift in Sources */ = {isa = PBXBuildFile; fileRef = 76887F9E26821F5500EC2E79 /* Constants.swift */; };
		76887FA22682223400EC2E79 /* OpenExchangeRatesPayload.swift in Sources */ = {isa = PBXBuildFile; fileRef = 76887FA12682223400EC2E79 /* OpenExchangeRatesPayload.swift */; };
		76887FA42682247C00EC2E79 /* OpenExchangeRatesServiceError.swift in Sources */ = {isa = PBXBuildFile; fileRef = 76887FA32682247C00EC2E79 /* OpenExchangeRatesServiceError.swift */; };
		76887FA626822BBB00EC2E79 /* CountryId.swift in Sources */ = {isa = PBXBuildFile; fileRef = 76887FA526822BBB00EC2E79 /* CountryId.swift */; };
		76887FD52682F42000EC2E79 /* Currency.swift in Sources */ = {isa = PBXBuildFile; fileRef = 76887FD42682F42000EC2E79 /* Currency.swift */; };
		76887FD72682F6C900EC2E79 /* RatesPayload.swift in Sources */ = {isa = PBXBuildFile; fileRef = 76887FD62682F6C900EC2E79 /* RatesPayload.swift */; };
		76887FD92682F80E00EC2E79 /* DecodingError.swift in Sources */ = {isa = PBXBuildFile; fileRef = 76887FD82682F80E00EC2E79 /* DecodingError.swift */; };
/* End PBXBuildFile section */

/* Begin PBXContainerItemProxy section */
		763713CE2680E75C006452F7 /* PBXContainerItemProxy */ = {
			isa = PBXContainerItemProxy;
			containerPortal = 763713AF2680E75A006452F7 /* Project object */;
			proxyType = 1;
			remoteGlobalIDString = 763713B62680E75A006452F7;
			remoteInfo = PenguinPay;
		};
		763713D92680E75C006452F7 /* PBXContainerItemProxy */ = {
			isa = PBXContainerItemProxy;
			containerPortal = 763713AF2680E75A006452F7 /* Project object */;
			proxyType = 1;
			remoteGlobalIDString = 763713B62680E75A006452F7;
			remoteInfo = PenguinPay;
		};
/* End PBXContainerItemProxy section */

/* Begin PBXFileReference section */
		763713B72680E75A006452F7 /* PenguinPay.app */ = {isa = PBXFileReference; explicitFileType = wrapper.application; includeInIndex = 0; path = PenguinPay.app; sourceTree = BUILT_PRODUCTS_DIR; };
		763713BA2680E75A006452F7 /* AppDelegate.swift */ = {isa = PBXFileReference; lastKnownFileType = sourcecode.swift; path = AppDelegate.swift; sourceTree = "<group>"; };
		763713BE2680E75A006452F7 /* SendMoneyViewController.swift */ = {isa = PBXFileReference; lastKnownFileType = sourcecode.swift; path = SendMoneyViewController.swift; sourceTree = "<group>"; };
		763713C12680E75A006452F7 /* Base */ = {isa = PBXFileReference; lastKnownFileType = file.storyboard; name = Base; path = Base.lproj/Main.storyboard; sourceTree = "<group>"; };
		763713C32680E75C006452F7 /* Assets.xcassets */ = {isa = PBXFileReference; lastKnownFileType = folder.assetcatalog; path = Assets.xcassets; sourceTree = "<group>"; };
		763713C62680E75C006452F7 /* Base */ = {isa = PBXFileReference; lastKnownFileType = file.storyboard; name = Base; path = Base.lproj/LaunchScreen.storyboard; sourceTree = "<group>"; };
		763713C82680E75C006452F7 /* Info.plist */ = {isa = PBXFileReference; lastKnownFileType = text.plist.xml; path = Info.plist; sourceTree = "<group>"; };
		763713CD2680E75C006452F7 /* PenguinPayTests.xctest */ = {isa = PBXFileReference; explicitFileType = wrapper.cfbundle; includeInIndex = 0; path = PenguinPayTests.xctest; sourceTree = BUILT_PRODUCTS_DIR; };
		763713D12680E75C006452F7 /* PenguinPayTests.swift */ = {isa = PBXFileReference; lastKnownFileType = sourcecode.swift; path = PenguinPayTests.swift; sourceTree = "<group>"; };
		763713D32680E75C006452F7 /* Info.plist */ = {isa = PBXFileReference; lastKnownFileType = text.plist.xml; path = Info.plist; sourceTree = "<group>"; };
		763713D82680E75C006452F7 /* PenguinPayUITests.xctest */ = {isa = PBXFileReference; explicitFileType = wrapper.cfbundle; includeInIndex = 0; path = PenguinPayUITests.xctest; sourceTree = BUILT_PRODUCTS_DIR; };
		763713DC2680E75C006452F7 /* PenguinPayUITests.swift */ = {isa = PBXFileReference; lastKnownFileType = sourcecode.swift; path = PenguinPayUITests.swift; sourceTree = "<group>"; };
		763713DE2680E75C006452F7 /* Info.plist */ = {isa = PBXFileReference; lastKnownFileType = text.plist.xml; path = Info.plist; sourceTree = "<group>"; };
		763713F62680F274006452F7 /* SendMoneyViewModel.swift */ = {isa = PBXFileReference; lastKnownFileType = sourcecode.swift; path = SendMoneyViewModel.swift; sourceTree = "<group>"; };
		763713FA2680F5A7006452F7 /* BaseViewController.swift */ = {isa = PBXFileReference; lastKnownFileType = sourcecode.swift; path = BaseViewController.swift; sourceTree = "<group>"; };
		763713FD268104F4006452F7 /* RoundedButton.swift */ = {isa = PBXFileReference; lastKnownFileType = sourcecode.swift; path = RoundedButton.swift; sourceTree = "<group>"; };
		763713FF2681051A006452F7 /* NumberTextField.swift */ = {isa = PBXFileReference; lastKnownFileType = sourcecode.swift; path = NumberTextField.swift; sourceTree = "<group>"; };
		7637141126814E06006452F7 /* Form.swift */ = {isa = PBXFileReference; lastKnownFileType = sourcecode.swift; path = Form.swift; sourceTree = "<group>"; };
		7637141326814F3D006452F7 /* UIView+Layout.swift */ = {isa = PBXFileReference; lastKnownFileType = sourcecode.swift; path = "UIView+Layout.swift"; sourceTree = "<group>"; };
		7637141526814FE5006452F7 /* UITextField+Layout.swift */ = {isa = PBXFileReference; lastKnownFileType = sourcecode.swift; path = "UITextField+Layout.swift"; sourceTree = "<group>"; };
		76371419268150C7006452F7 /* NumberTextField+Rx.swift */ = {isa = PBXFileReference; lastKnownFileType = sourcecode.swift; path = "NumberTextField+Rx.swift"; sourceTree = "<group>"; };
		7637141B26815174006452F7 /* FormTextField.swift */ = {isa = PBXFileReference; lastKnownFileType = sourcecode.swift; path = FormTextField.swift; sourceTree = "<group>"; };
		7637141D2681523B006452F7 /* FormTextFieldInputType.swift */ = {isa = PBXFileReference; lastKnownFileType = sourcecode.swift; path = FormTextFieldInputType.swift; sourceTree = "<group>"; };
		7637143526815C16006452F7 /* BindingOperators.swift */ = {isa = PBXFileReference; lastKnownFileType = sourcecode.swift; path = BindingOperators.swift; sourceTree = "<group>"; };
		7637143726815E7B006452F7 /* String+Extensions.swift */ = {isa = PBXFileReference; lastKnownFileType = sourcecode.swift; path = "String+Extensions.swift"; sourceTree = "<group>"; };
		76887F8A2681A25800EC2E79 /* Rx+Extensions.swift */ = {isa = PBXFileReference; lastKnownFileType = sourcecode.swift; path = "Rx+Extensions.swift"; sourceTree = "<group>"; };
		76887F8C2681A37E00EC2E79 /* Encodable+Parameters.swift */ = {isa = PBXFileReference; lastKnownFileType = sourcecode.swift; path = "Encodable+Parameters.swift"; sourceTree = "<group>"; };
		76887F8F2681AFFF00EC2E79 /* PhoneNumberKit+Extensions.swift */ = {isa = PBXFileReference; lastKnownFileType = sourcecode.swift; path = "PhoneNumberKit+Extensions.swift"; sourceTree = "<group>"; };
		76887F912681B2AA00EC2E79 /* CustomPhoneNumberMetadata.json */ = {isa = PBXFileReference; fileEncoding = 4; lastKnownFileType = text.json; path = CustomPhoneNumberMetadata.json; sourceTree = "<group>"; };
		76887F932681D9C100EC2E79 /* CountryPickerViewController.swift */ = {isa = PBXFileReference; lastKnownFileType = sourcecode.swift; path = CountryPickerViewController.swift; sourceTree = "<group>"; };
		76887F952681DB2A00EC2E79 /* CountryPickerViewModel.swift */ = {isa = PBXFileReference; lastKnownFileType = sourcecode.swift; path = CountryPickerViewModel.swift; sourceTree = "<group>"; };
		76887F972681E63C00EC2E79 /* CountryPickerViewController+Country.swift */ = {isa = PBXFileReference; lastKnownFileType = sourcecode.swift; path = "CountryPickerViewController+Country.swift"; sourceTree = "<group>"; };
		76887F992681E65500EC2E79 /* CountryPickerViewController+Cell.swift */ = {isa = PBXFileReference; lastKnownFileType = sourcecode.swift; path = "CountryPickerViewController+Cell.swift"; sourceTree = "<group>"; };
		76887F9C26821F4300EC2E79 /* OpenExchangeRatesClient.swift */ = {isa = PBXFileReference; lastKnownFileType = sourcecode.swift; path = OpenExchangeRatesClient.swift; sourceTree = "<group>"; };
		76887F9E26821F5500EC2E79 /* Constants.swift */ = {isa = PBXFileReference; lastKnownFileType = sourcecode.swift; path = Constants.swift; sourceTree = "<group>"; };
		76887FA12682223400EC2E79 /* OpenExchangeRatesPayload.swift */ = {isa = PBXFileReference; lastKnownFileType = sourcecode.swift; path = OpenExchangeRatesPayload.swift; sourceTree = "<group>"; };
		76887FA32682247C00EC2E79 /* OpenExchangeRatesServiceError.swift */ = {isa = PBXFileReference; lastKnownFileType = sourcecode.swift; path = OpenExchangeRatesServiceError.swift; sourceTree = "<group>"; };
		76887FA526822BBB00EC2E79 /* CountryId.swift */ = {isa = PBXFileReference; lastKnownFileType = sourcecode.swift; path = CountryId.swift; sourceTree = "<group>"; };
		76887FD42682F42000EC2E79 /* Currency.swift */ = {isa = PBXFileReference; lastKnownFileType = sourcecode.swift; path = Currency.swift; sourceTree = "<group>"; };
		76887FD62682F6C900EC2E79 /* RatesPayload.swift */ = {isa = PBXFileReference; lastKnownFileType = sourcecode.swift; path = RatesPayload.swift; sourceTree = "<group>"; };
		76887FD82682F80E00EC2E79 /* DecodingError.swift */ = {isa = PBXFileReference; lastKnownFileType = sourcecode.swift; path = DecodingError.swift; sourceTree = "<group>"; };
/* End PBXFileReference section */

/* Begin PBXFrameworksBuildPhase section */
		763713B42680E75A006452F7 /* Frameworks */ = {
			isa = PBXFrameworksBuildPhase;
			buildActionMask = 2147483647;
			files = (
				7637143026815722006452F7 /* RxRelay in Frameworks */,
				763713EC2680ED82006452F7 /* IQKeyboardManagerSwift in Frameworks */,
				763713EF2680EE6C006452F7 /* PhoneNumberKit in Frameworks */,
				7637142E26815722006452F7 /* RxSwift in Frameworks */,
				7637142C26815722006452F7 /* RxCocoa in Frameworks */,
				763713F22680EF2A006452F7 /* Action in Frameworks */,
			);
			runOnlyForDeploymentPostprocessing = 0;
		};
		763713CA2680E75C006452F7 /* Frameworks */ = {
			isa = PBXFrameworksBuildPhase;
			buildActionMask = 2147483647;
			files = (
			);
			runOnlyForDeploymentPostprocessing = 0;
		};
		763713D52680E75C006452F7 /* Frameworks */ = {
			isa = PBXFrameworksBuildPhase;
			buildActionMask = 2147483647;
			files = (
			);
			runOnlyForDeploymentPostprocessing = 0;
		};
/* End PBXFrameworksBuildPhase section */

/* Begin PBXGroup section */
		763713AE2680E75A006452F7 = {
			isa = PBXGroup;
			children = (
				763713B92680E75A006452F7 /* PenguinPay */,
				763713D02680E75C006452F7 /* PenguinPayTests */,
				763713DB2680E75C006452F7 /* PenguinPayUITests */,
				763713B82680E75A006452F7 /* Products */,
			);
			sourceTree = "<group>";
		};
		763713B82680E75A006452F7 /* Products */ = {
			isa = PBXGroup;
			children = (
				763713B72680E75A006452F7 /* PenguinPay.app */,
				763713CD2680E75C006452F7 /* PenguinPayTests.xctest */,
				763713D82680E75C006452F7 /* PenguinPayUITests.xctest */,
			);
			name = Products;
			sourceTree = "<group>";
		};
		763713B92680E75A006452F7 /* PenguinPay */ = {
			isa = PBXGroup;
			children = (
				763713BA2680E75A006452F7 /* AppDelegate.swift */,
				76887F9E26821F5500EC2E79 /* Constants.swift */,
				763713FC2680F672006452F7 /* Components */,
				76887FA02682220400EC2E79 /* Models */,
				76887F9B26821F0700EC2E79 /* Services */,
				7637141026814D93006452F7 /* DomainModels */,
				763713F82680F27E006452F7 /* Screens */,
				7637143426815BFD006452F7 /* Helpers */,
				7637140326810609006452F7 /* Extensions */,
				763713F92680F292006452F7 /* Resources */,
			);
			path = PenguinPay;
			sourceTree = "<group>";
		};
		763713D02680E75C006452F7 /* PenguinPayTests */ = {
			isa = PBXGroup;
			children = (
				763713D12680E75C006452F7 /* PenguinPayTests.swift */,
				763713D32680E75C006452F7 /* Info.plist */,
			);
			path = PenguinPayTests;
			sourceTree = "<group>";
		};
		763713DB2680E75C006452F7 /* PenguinPayUITests */ = {
			isa = PBXGroup;
			children = (
				763713DC2680E75C006452F7 /* PenguinPayUITests.swift */,
				763713DE2680E75C006452F7 /* Info.plist */,
			);
			path = PenguinPayUITests;
			sourceTree = "<group>";
		};
		763713F82680F27E006452F7 /* Screens */ = {
			isa = PBXGroup;
			children = (
				763713FA2680F5A7006452F7 /* BaseViewController.swift */,
				763713BE2680E75A006452F7 /* SendMoneyViewController.swift */,
				763713F62680F274006452F7 /* SendMoneyViewModel.swift */,
				76887F932681D9C100EC2E79 /* CountryPickerViewController.swift */,
				76887F952681DB2A00EC2E79 /* CountryPickerViewModel.swift */,
				76887F972681E63C00EC2E79 /* CountryPickerViewController+Country.swift */,
				76887F992681E65500EC2E79 /* CountryPickerViewController+Cell.swift */,
			);
			path = Screens;
			sourceTree = "<group>";
		};
		763713F92680F292006452F7 /* Resources */ = {
			isa = PBXGroup;
			children = (
				76887F912681B2AA00EC2E79 /* CustomPhoneNumberMetadata.json */,
				763713C02680E75A006452F7 /* Main.storyboard */,
				763713C32680E75C006452F7 /* Assets.xcassets */,
				763713C52680E75C006452F7 /* LaunchScreen.storyboard */,
				763713C82680E75C006452F7 /* Info.plist */,
			);
			path = Resources;
			sourceTree = "<group>";
		};
		763713FC2680F672006452F7 /* Components */ = {
			isa = PBXGroup;
			children = (
				763713FD268104F4006452F7 /* RoundedButton.swift */,
				763713FF2681051A006452F7 /* NumberTextField.swift */,
				7637141B26815174006452F7 /* FormTextField.swift */,
				7637141D2681523B006452F7 /* FormTextFieldInputType.swift */,
			);
			path = Components;
			sourceTree = "<group>";
		};
		7637140326810609006452F7 /* Extensions */ = {
			isa = PBXGroup;
			children = (
				76887F8C2681A37E00EC2E79 /* Encodable+Parameters.swift */,
				76887F892681A24400EC2E79 /* Rx */,
				7637143126815933006452F7 /* Foundation */,
				7637140426810617006452F7 /* UIKit */,
				76887F8E2681AFCC00EC2E79 /* PhoneNumberKit */,
			);
			path = Extensions;
			sourceTree = "<group>";
		};
		7637140426810617006452F7 /* UIKit */ = {
			isa = PBXGroup;
			children = (
				7637141326814F3D006452F7 /* UIView+Layout.swift */,
				7637141526814FE5006452F7 /* UITextField+Layout.swift */,
				76371419268150C7006452F7 /* NumberTextField+Rx.swift */,
			);
			path = UIKit;
			sourceTree = "<group>";
		};
		7637141026814D93006452F7 /* DomainModels */ = {
			isa = PBXGroup;
			children = (
				76887FD42682F42000EC2E79 /* Currency.swift */,
				7637141126814E06006452F7 /* Form.swift */,
				76887FA526822BBB00EC2E79 /* CountryId.swift */,
			);
			path = DomainModels;
			sourceTree = "<group>";
		};
		7637143126815933006452F7 /* Foundation */ = {
			isa = PBXGroup;
			children = (
				7637143726815E7B006452F7 /* String+Extensions.swift */,
			);
			path = Foundation;
			sourceTree = "<group>";
		};
		7637143426815BFD006452F7 /* Helpers */ = {
			isa = PBXGroup;
			children = (
				7637143526815C16006452F7 /* BindingOperators.swift */,
			);
			path = Helpers;
			sourceTree = "<group>";
		};
		76887F892681A24400EC2E79 /* Rx */ = {
			isa = PBXGroup;
			children = (
				76887F8A2681A25800EC2E79 /* Rx+Extensions.swift */,
			);
			path = Rx;
			sourceTree = "<group>";
		};
		76887F8E2681AFCC00EC2E79 /* PhoneNumberKit */ = {
			isa = PBXGroup;
			children = (
				76887F8F2681AFFF00EC2E79 /* PhoneNumberKit+Extensions.swift */,
			);
			path = PhoneNumberKit;
			sourceTree = "<group>";
		};
		76887F9B26821F0700EC2E79 /* Services */ = {
			isa = PBXGroup;
			children = (
				76887F9C26821F4300EC2E79 /* OpenExchangeRatesClient.swift */,
				76887FA32682247C00EC2E79 /* OpenExchangeRatesServiceError.swift */,
			);
			path = Services;
			sourceTree = "<group>";
		};
		76887FA02682220400EC2E79 /* Models */ = {
			isa = PBXGroup;
			children = (
				76887FA12682223400EC2E79 /* OpenExchangeRatesPayload.swift */,
				76887FD62682F6C900EC2E79 /* RatesPayload.swift */,
				76887FD82682F80E00EC2E79 /* DecodingError.swift */,
			);
			path = Models;
			sourceTree = "<group>";
		};
/* End PBXGroup section */

/* Begin PBXNativeTarget section */
		763713B62680E75A006452F7 /* PenguinPay */ = {
			isa = PBXNativeTarget;
			buildConfigurationList = 763713E12680E75C006452F7 /* Build configuration list for PBXNativeTarget "PenguinPay" */;
			buildPhases = (
				763713B32680E75A006452F7 /* Sources */,
				763713B42680E75A006452F7 /* Frameworks */,
				763713B52680E75A006452F7 /* Resources */,
				7637140B268114F7006452F7 /* Swiftlint */,
			);
			buildRules = (
			);
			dependencies = (
			);
			name = PenguinPay;
			packageProductDependencies = (
				763713EB2680ED82006452F7 /* IQKeyboardManagerSwift */,
				763713EE2680EE6C006452F7 /* PhoneNumberKit */,
				763713F12680EF2A006452F7 /* Action */,
				7637142B26815722006452F7 /* RxCocoa */,
				7637142D26815722006452F7 /* RxSwift */,
				7637142F26815722006452F7 /* RxRelay */,
			);
			productName = PenguinPay;
			productReference = 763713B72680E75A006452F7 /* PenguinPay.app */;
			productType = "com.apple.product-type.application";
		};
		763713CC2680E75C006452F7 /* PenguinPayTests */ = {
			isa = PBXNativeTarget;
			buildConfigurationList = 763713E42680E75C006452F7 /* Build configuration list for PBXNativeTarget "PenguinPayTests" */;
			buildPhases = (
				763713C92680E75C006452F7 /* Sources */,
				763713CA2680E75C006452F7 /* Frameworks */,
				763713CB2680E75C006452F7 /* Resources */,
			);
			buildRules = (
			);
			dependencies = (
				763713CF2680E75C006452F7 /* PBXTargetDependency */,
			);
			name = PenguinPayTests;
			productName = PenguinPayTests;
			productReference = 763713CD2680E75C006452F7 /* PenguinPayTests.xctest */;
			productType = "com.apple.product-type.bundle.unit-test";
		};
		763713D72680E75C006452F7 /* PenguinPayUITests */ = {
			isa = PBXNativeTarget;
			buildConfigurationList = 763713E72680E75C006452F7 /* Build configuration list for PBXNativeTarget "PenguinPayUITests" */;
			buildPhases = (
				763713D42680E75C006452F7 /* Sources */,
				763713D52680E75C006452F7 /* Frameworks */,
				763713D62680E75C006452F7 /* Resources */,
			);
			buildRules = (
			);
			dependencies = (
				763713DA2680E75C006452F7 /* PBXTargetDependency */,
			);
			name = PenguinPayUITests;
			productName = PenguinPayUITests;
			productReference = 763713D82680E75C006452F7 /* PenguinPayUITests.xctest */;
			productType = "com.apple.product-type.bundle.ui-testing";
		};
/* End PBXNativeTarget section */

/* Begin PBXProject section */
		763713AF2680E75A006452F7 /* Project object */ = {
			isa = PBXProject;
			attributes = {
				LastSwiftUpdateCheck = 1250;
				LastUpgradeCheck = 1250;
				TargetAttributes = {
					763713B62680E75A006452F7 = {
						CreatedOnToolsVersion = 12.5;
					};
					763713CC2680E75C006452F7 = {
						CreatedOnToolsVersion = 12.5;
						TestTargetID = 763713B62680E75A006452F7;
					};
					763713D72680E75C006452F7 = {
						CreatedOnToolsVersion = 12.5;
						TestTargetID = 763713B62680E75A006452F7;
					};
				};
			};
			buildConfigurationList = 763713B22680E75A006452F7 /* Build configuration list for PBXProject "PenguinPay" */;
			compatibilityVersion = "Xcode 9.3";
			developmentRegion = en;
			hasScannedForEncodings = 0;
			knownRegions = (
				en,
				Base,
			);
			mainGroup = 763713AE2680E75A006452F7;
			packageReferences = (
				763713EA2680ED82006452F7 /* XCRemoteSwiftPackageReference "IQKeyboardManager" */,
				763713ED2680EE6C006452F7 /* XCRemoteSwiftPackageReference "PhoneNumberKit" */,
				763713F02680EF2A006452F7 /* XCRemoteSwiftPackageReference "Action" */,
				7637142A26815722006452F7 /* XCRemoteSwiftPackageReference "RxSwift" */,
			);
			productRefGroup = 763713B82680E75A006452F7 /* Products */;
			projectDirPath = "";
			projectRoot = "";
			targets = (
				763713B62680E75A006452F7 /* PenguinPay */,
				763713CC2680E75C006452F7 /* PenguinPayTests */,
				763713D72680E75C006452F7 /* PenguinPayUITests */,
			);
		};
/* End PBXProject section */

/* Begin PBXResourcesBuildPhase section */
		763713B52680E75A006452F7 /* Resources */ = {
			isa = PBXResourcesBuildPhase;
			buildActionMask = 2147483647;
			files = (
				763713C72680E75C006452F7 /* LaunchScreen.storyboard in Resources */,
				76887F922681B2AA00EC2E79 /* CustomPhoneNumberMetadata.json in Resources */,
				763713C42680E75C006452F7 /* Assets.xcassets in Resources */,
				763713C22680E75A006452F7 /* Main.storyboard in Resources */,
			);
			runOnlyForDeploymentPostprocessing = 0;
		};
		763713CB2680E75C006452F7 /* Resources */ = {
			isa = PBXResourcesBuildPhase;
			buildActionMask = 2147483647;
			files = (
			);
			runOnlyForDeploymentPostprocessing = 0;
		};
		763713D62680E75C006452F7 /* Resources */ = {
			isa = PBXResourcesBuildPhase;
			buildActionMask = 2147483647;
			files = (
			);
			runOnlyForDeploymentPostprocessing = 0;
		};
/* End PBXResourcesBuildPhase section */

/* Begin PBXShellScriptBuildPhase section */
		7637140B268114F7006452F7 /* Swiftlint */ = {
			isa = PBXShellScriptBuildPhase;
			buildActionMask = 2147483647;
			files = (
			);
			inputFileListPaths = (
			);
			inputPaths = (
			);
			name = Swiftlint;
			outputFileListPaths = (
			);
			outputPaths = (
			);
			runOnlyForDeploymentPostprocessing = 0;
			shellPath = /bin/sh;
			shellScript = "${SRCROOT}/tools/SwiftLint/swiftlint.sh\n";
		};
/* End PBXShellScriptBuildPhase section */

/* Begin PBXSourcesBuildPhase section */
		763713B32680E75A006452F7 /* Sources */ = {
			isa = PBXSourcesBuildPhase;
			buildActionMask = 2147483647;
			files = (
				763713BF2680E75A006452F7 /* SendMoneyViewController.swift in Sources */,
				763713FE268104F4006452F7 /* RoundedButton.swift in Sources */,
				76887FA42682247C00EC2E79 /* OpenExchangeRatesServiceError.swift in Sources */,
				7637141C26815174006452F7 /* FormTextField.swift in Sources */,
				763714002681051A006452F7 /* NumberTextField.swift in Sources */,
				763713FB2680F5A7006452F7 /* BaseViewController.swift in Sources */,
				7637141426814F3D006452F7 /* UIView+Layout.swift in Sources */,
				76887F9F26821F5500EC2E79 /* Constants.swift in Sources */,
				76887FA22682223400EC2E79 /* OpenExchangeRatesPayload.swift in Sources */,
				76887FD52682F42000EC2E79 /* Currency.swift in Sources */,
				7637141A268150C7006452F7 /* NumberTextField+Rx.swift in Sources */,
				7637141626814FE5006452F7 /* UITextField+Layout.swift in Sources */,
				76887FA626822BBB00EC2E79 /* CountryId.swift in Sources */,
				7637141226814E06006452F7 /* Form.swift in Sources */,
				7637143626815C16006452F7 /* BindingOperators.swift in Sources */,
				76887FD92682F80E00EC2E79 /* DecodingError.swift in Sources */,
				7637143826815E7B006452F7 /* String+Extensions.swift in Sources */,
				763713F72680F275006452F7 /* SendMoneyViewModel.swift in Sources */,
				76887F982681E63C00EC2E79 /* CountryPickerViewController+Country.swift in Sources */,
				76887FD72682F6C900EC2E79 /* RatesPayload.swift in Sources */,
				76887F8B2681A25800EC2E79 /* Rx+Extensions.swift in Sources */,
				76887F902681AFFF00EC2E79 /* PhoneNumberKit+Extensions.swift in Sources */,
				76887F9A2681E65500EC2E79 /* CountryPickerViewController+Cell.swift in Sources */,
				76887F962681DB2A00EC2E79 /* CountryPickerViewModel.swift in Sources */,
				76887F8D2681A37E00EC2E79 /* Encodable+Parameters.swift in Sources */,
				7637141E2681523B006452F7 /* FormTextFieldInputType.swift in Sources */,
				763713BB2680E75A006452F7 /* AppDelegate.swift in Sources */,
				76887F942681D9C100EC2E79 /* CountryPickerViewController.swift in Sources */,
				76887F9D26821F4300EC2E79 /* OpenExchangeRatesClient.swift in Sources */,
			);
			runOnlyForDeploymentPostprocessing = 0;
		};
		763713C92680E75C006452F7 /* Sources */ = {
			isa = PBXSourcesBuildPhase;
			buildActionMask = 2147483647;
			files = (
				763713D22680E75C006452F7 /* PenguinPayTests.swift in Sources */,
			);
			runOnlyForDeploymentPostprocessing = 0;
		};
		763713D42680E75C006452F7 /* Sources */ = {
			isa = PBXSourcesBuildPhase;
			buildActionMask = 2147483647;
			files = (
				763713DD2680E75C006452F7 /* PenguinPayUITests.swift in Sources */,
			);
			runOnlyForDeploymentPostprocessing = 0;
		};
/* End PBXSourcesBuildPhase section */

/* Begin PBXTargetDependency section */
		763713CF2680E75C006452F7 /* PBXTargetDependency */ = {
			isa = PBXTargetDependency;
			target = 763713B62680E75A006452F7 /* PenguinPay */;
			targetProxy = 763713CE2680E75C006452F7 /* PBXContainerItemProxy */;
		};
		763713DA2680E75C006452F7 /* PBXTargetDependency */ = {
			isa = PBXTargetDependency;
			target = 763713B62680E75A006452F7 /* PenguinPay */;
			targetProxy = 763713D92680E75C006452F7 /* PBXContainerItemProxy */;
		};
/* End PBXTargetDependency section */

/* Begin PBXVariantGroup section */
		763713C02680E75A006452F7 /* Main.storyboard */ = {
			isa = PBXVariantGroup;
			children = (
				763713C12680E75A006452F7 /* Base */,
			);
			name = Main.storyboard;
			sourceTree = "<group>";
		};
		763713C52680E75C006452F7 /* LaunchScreen.storyboard */ = {
			isa = PBXVariantGroup;
			children = (
				763713C62680E75C006452F7 /* Base */,
			);
			name = LaunchScreen.storyboard;
			sourceTree = "<group>";
		};
/* End PBXVariantGroup section */

/* Begin XCBuildConfiguration section */
		763713DF2680E75C006452F7 /* Debug */ = {
			isa = XCBuildConfiguration;
			buildSettings = {
				ALWAYS_SEARCH_USER_PATHS = NO;
				CLANG_ANALYZER_NONNULL = YES;
				CLANG_ANALYZER_NUMBER_OBJECT_CONVERSION = YES_AGGRESSIVE;
				CLANG_CXX_LANGUAGE_STANDARD = "gnu++14";
				CLANG_CXX_LIBRARY = "libc++";
				CLANG_ENABLE_MODULES = YES;
				CLANG_ENABLE_OBJC_ARC = YES;
				CLANG_ENABLE_OBJC_WEAK = YES;
				CLANG_WARN_BLOCK_CAPTURE_AUTORELEASING = YES;
				CLANG_WARN_BOOL_CONVERSION = YES;
				CLANG_WARN_COMMA = YES;
				CLANG_WARN_CONSTANT_CONVERSION = YES;
				CLANG_WARN_DEPRECATED_OBJC_IMPLEMENTATIONS = YES;
				CLANG_WARN_DIRECT_OBJC_ISA_USAGE = YES_ERROR;
				CLANG_WARN_DOCUMENTATION_COMMENTS = YES;
				CLANG_WARN_EMPTY_BODY = YES;
				CLANG_WARN_ENUM_CONVERSION = YES;
				CLANG_WARN_INFINITE_RECURSION = YES;
				CLANG_WARN_INT_CONVERSION = YES;
				CLANG_WARN_NON_LITERAL_NULL_CONVERSION = YES;
				CLANG_WARN_OBJC_IMPLICIT_RETAIN_SELF = YES;
				CLANG_WARN_OBJC_LITERAL_CONVERSION = YES;
				CLANG_WARN_OBJC_ROOT_CLASS = YES_ERROR;
				CLANG_WARN_QUOTED_INCLUDE_IN_FRAMEWORK_HEADER = YES;
				CLANG_WARN_RANGE_LOOP_ANALYSIS = YES;
				CLANG_WARN_STRICT_PROTOTYPES = YES;
				CLANG_WARN_SUSPICIOUS_MOVE = YES;
				CLANG_WARN_UNGUARDED_AVAILABILITY = YES_AGGRESSIVE;
				CLANG_WARN_UNREACHABLE_CODE = YES;
				CLANG_WARN__DUPLICATE_METHOD_MATCH = YES;
				COPY_PHASE_STRIP = NO;
				DEBUG_INFORMATION_FORMAT = dwarf;
				ENABLE_STRICT_OBJC_MSGSEND = YES;
				ENABLE_TESTABILITY = YES;
				GCC_C_LANGUAGE_STANDARD = gnu11;
				GCC_DYNAMIC_NO_PIC = NO;
				GCC_NO_COMMON_BLOCKS = YES;
				GCC_OPTIMIZATION_LEVEL = 0;
				GCC_PREPROCESSOR_DEFINITIONS = (
					"DEBUG=1",
					"$(inherited)",
				);
				GCC_WARN_64_TO_32_BIT_CONVERSION = YES;
				GCC_WARN_ABOUT_RETURN_TYPE = YES_ERROR;
				GCC_WARN_UNDECLARED_SELECTOR = YES;
				GCC_WARN_UNINITIALIZED_AUTOS = YES_AGGRESSIVE;
				GCC_WARN_UNUSED_FUNCTION = YES;
				GCC_WARN_UNUSED_VARIABLE = YES;
				IPHONEOS_DEPLOYMENT_TARGET = 12.1;
				MTL_ENABLE_DEBUG_INFO = INCLUDE_SOURCE;
				MTL_FAST_MATH = YES;
				ONLY_ACTIVE_ARCH = YES;
				SDKROOT = iphoneos;
				SWIFT_ACTIVE_COMPILATION_CONDITIONS = DEBUG;
				SWIFT_OPTIMIZATION_LEVEL = "-Onone";
			};
			name = Debug;
		};
		763713E02680E75C006452F7 /* Release */ = {
			isa = XCBuildConfiguration;
			buildSettings = {
				ALWAYS_SEARCH_USER_PATHS = NO;
				CLANG_ANALYZER_NONNULL = YES;
				CLANG_ANALYZER_NUMBER_OBJECT_CONVERSION = YES_AGGRESSIVE;
				CLANG_CXX_LANGUAGE_STANDARD = "gnu++14";
				CLANG_CXX_LIBRARY = "libc++";
				CLANG_ENABLE_MODULES = YES;
				CLANG_ENABLE_OBJC_ARC = YES;
				CLANG_ENABLE_OBJC_WEAK = YES;
				CLANG_WARN_BLOCK_CAPTURE_AUTORELEASING = YES;
				CLANG_WARN_BOOL_CONVERSION = YES;
				CLANG_WARN_COMMA = YES;
				CLANG_WARN_CONSTANT_CONVERSION = YES;
				CLANG_WARN_DEPRECATED_OBJC_IMPLEMENTATIONS = YES;
				CLANG_WARN_DIRECT_OBJC_ISA_USAGE = YES_ERROR;
				CLANG_WARN_DOCUMENTATION_COMMENTS = YES;
				CLANG_WARN_EMPTY_BODY = YES;
				CLANG_WARN_ENUM_CONVERSION = YES;
				CLANG_WARN_INFINITE_RECURSION = YES;
				CLANG_WARN_INT_CONVERSION = YES;
				CLANG_WARN_NON_LITERAL_NULL_CONVERSION = YES;
				CLANG_WARN_OBJC_IMPLICIT_RETAIN_SELF = YES;
				CLANG_WARN_OBJC_LITERAL_CONVERSION = YES;
				CLANG_WARN_OBJC_ROOT_CLASS = YES_ERROR;
				CLANG_WARN_QUOTED_INCLUDE_IN_FRAMEWORK_HEADER = YES;
				CLANG_WARN_RANGE_LOOP_ANALYSIS = YES;
				CLANG_WARN_STRICT_PROTOTYPES = YES;
				CLANG_WARN_SUSPICIOUS_MOVE = YES;
				CLANG_WARN_UNGUARDED_AVAILABILITY = YES_AGGRESSIVE;
				CLANG_WARN_UNREACHABLE_CODE = YES;
				CLANG_WARN__DUPLICATE_METHOD_MATCH = YES;
				COPY_PHASE_STRIP = NO;
				DEBUG_INFORMATION_FORMAT = "dwarf-with-dsym";
				ENABLE_NS_ASSERTIONS = NO;
				ENABLE_STRICT_OBJC_MSGSEND = YES;
				GCC_C_LANGUAGE_STANDARD = gnu11;
				GCC_NO_COMMON_BLOCKS = YES;
				GCC_WARN_64_TO_32_BIT_CONVERSION = YES;
				GCC_WARN_ABOUT_RETURN_TYPE = YES_ERROR;
				GCC_WARN_UNDECLARED_SELECTOR = YES;
				GCC_WARN_UNINITIALIZED_AUTOS = YES_AGGRESSIVE;
				GCC_WARN_UNUSED_FUNCTION = YES;
				GCC_WARN_UNUSED_VARIABLE = YES;
				IPHONEOS_DEPLOYMENT_TARGET = 12.1;
				MTL_ENABLE_DEBUG_INFO = NO;
				MTL_FAST_MATH = YES;
				SDKROOT = iphoneos;
				SWIFT_COMPILATION_MODE = wholemodule;
				SWIFT_OPTIMIZATION_LEVEL = "-O";
				VALIDATE_PRODUCT = YES;
			};
			name = Release;
		};
		763713E22680E75C006452F7 /* Debug */ = {
			isa = XCBuildConfiguration;
			buildSettings = {
				ASSETCATALOG_COMPILER_APPICON_NAME = AppIcon;
				ASSETCATALOG_COMPILER_GLOBAL_ACCENT_COLOR_NAME = AccentColor;
				CODE_SIGN_STYLE = Automatic;
				DEVELOPMENT_TEAM = VEUVN4UK7N;
				INFOPLIST_FILE = PenguinPay/Resources/Info.plist;
				LD_RUNPATH_SEARCH_PATHS = (
					"$(inherited)",
					"@executable_path/Frameworks",
				);
				PRODUCT_BUNDLE_IDENTIFIER = com.zebaze.PenguinPay;
				PRODUCT_NAME = "$(TARGET_NAME)";
				SWIFT_VERSION = 5.0;
				TARGETED_DEVICE_FAMILY = "1,2";
			};
			name = Debug;
		};
		763713E32680E75C006452F7 /* Release */ = {
			isa = XCBuildConfiguration;
			buildSettings = {
				ASSETCATALOG_COMPILER_APPICON_NAME = AppIcon;
				ASSETCATALOG_COMPILER_GLOBAL_ACCENT_COLOR_NAME = AccentColor;
				CODE_SIGN_STYLE = Automatic;
				DEVELOPMENT_TEAM = VEUVN4UK7N;
				INFOPLIST_FILE = PenguinPay/Resources/Info.plist;
				LD_RUNPATH_SEARCH_PATHS = (
					"$(inherited)",
					"@executable_path/Frameworks",
				);
				PRODUCT_BUNDLE_IDENTIFIER = com.zebaze.PenguinPay;
				PRODUCT_NAME = "$(TARGET_NAME)";
				SWIFT_VERSION = 5.0;
				TARGETED_DEVICE_FAMILY = "1,2";
			};
			name = Release;
		};
		763713E52680E75C006452F7 /* Debug */ = {
			isa = XCBuildConfiguration;
			buildSettings = {
				ALWAYS_EMBED_SWIFT_STANDARD_LIBRARIES = YES;
				BUNDLE_LOADER = "$(TEST_HOST)";
				CODE_SIGN_STYLE = Automatic;
				DEVELOPMENT_TEAM = VEUVN4UK7N;
				INFOPLIST_FILE = PenguinPayTests/Info.plist;
				IPHONEOS_DEPLOYMENT_TARGET = 14.5;
				LD_RUNPATH_SEARCH_PATHS = (
					"$(inherited)",
					"@executable_path/Frameworks",
					"@loader_path/Frameworks",
				);
				PRODUCT_BUNDLE_IDENTIFIER = com.zebaze.PenguinPayTests;
				PRODUCT_NAME = "$(TARGET_NAME)";
				SWIFT_VERSION = 5.0;
				TARGETED_DEVICE_FAMILY = "1,2";
				TEST_HOST = "$(BUILT_PRODUCTS_DIR)/PenguinPay.app/PenguinPay";
			};
			name = Debug;
		};
		763713E62680E75C006452F7 /* Release */ = {
			isa = XCBuildConfiguration;
			buildSettings = {
				ALWAYS_EMBED_SWIFT_STANDARD_LIBRARIES = YES;
				BUNDLE_LOADER = "$(TEST_HOST)";
				CODE_SIGN_STYLE = Automatic;
				DEVELOPMENT_TEAM = VEUVN4UK7N;
				INFOPLIST_FILE = PenguinPayTests/Info.plist;
				IPHONEOS_DEPLOYMENT_TARGET = 14.5;
				LD_RUNPATH_SEARCH_PATHS = (
					"$(inherited)",
					"@executable_path/Frameworks",
					"@loader_path/Frameworks",
				);
				PRODUCT_BUNDLE_IDENTIFIER = com.zebaze.PenguinPayTests;
				PRODUCT_NAME = "$(TARGET_NAME)";
				SWIFT_VERSION = 5.0;
				TARGETED_DEVICE_FAMILY = "1,2";
				TEST_HOST = "$(BUILT_PRODUCTS_DIR)/PenguinPay.app/PenguinPay";
			};
			name = Release;
		};
		763713E82680E75C006452F7 /* Debug */ = {
			isa = XCBuildConfiguration;
			buildSettings = {
				ALWAYS_EMBED_SWIFT_STANDARD_LIBRARIES = YES;
				CODE_SIGN_STYLE = Automatic;
				DEVELOPMENT_TEAM = VEUVN4UK7N;
				INFOPLIST_FILE = PenguinPayUITests/Info.plist;
				LD_RUNPATH_SEARCH_PATHS = (
					"$(inherited)",
					"@executable_path/Frameworks",
					"@loader_path/Frameworks",
				);
				PRODUCT_BUNDLE_IDENTIFIER = com.zebaze.PenguinPayUITests;
				PRODUCT_NAME = "$(TARGET_NAME)";
				SWIFT_VERSION = 5.0;
				TARGETED_DEVICE_FAMILY = "1,2";
				TEST_TARGET_NAME = PenguinPay;
			};
			name = Debug;
		};
		763713E92680E75C006452F7 /* Release */ = {
			isa = XCBuildConfiguration;
			buildSettings = {
				ALWAYS_EMBED_SWIFT_STANDARD_LIBRARIES = YES;
				CODE_SIGN_STYLE = Automatic;
				DEVELOPMENT_TEAM = VEUVN4UK7N;
				INFOPLIST_FILE = PenguinPayUITests/Info.plist;
				LD_RUNPATH_SEARCH_PATHS = (
					"$(inherited)",
					"@executable_path/Frameworks",
					"@loader_path/Frameworks",
				);
				PRODUCT_BUNDLE_IDENTIFIER = com.zebaze.PenguinPayUITests;
				PRODUCT_NAME = "$(TARGET_NAME)";
				SWIFT_VERSION = 5.0;
				TARGETED_DEVICE_FAMILY = "1,2";
				TEST_TARGET_NAME = PenguinPay;
			};
			name = Release;
		};
/* End XCBuildConfiguration section */

/* Begin XCConfigurationList section */
		763713B22680E75A006452F7 /* Build configuration list for PBXProject "PenguinPay" */ = {
			isa = XCConfigurationList;
			buildConfigurations = (
				763713DF2680E75C006452F7 /* Debug */,
				763713E02680E75C006452F7 /* Release */,
			);
			defaultConfigurationIsVisible = 0;
			defaultConfigurationName = Release;
		};
		763713E12680E75C006452F7 /* Build configuration list for PBXNativeTarget "PenguinPay" */ = {
			isa = XCConfigurationList;
			buildConfigurations = (
				763713E22680E75C006452F7 /* Debug */,
				763713E32680E75C006452F7 /* Release */,
			);
			defaultConfigurationIsVisible = 0;
			defaultConfigurationName = Release;
		};
		763713E42680E75C006452F7 /* Build configuration list for PBXNativeTarget "PenguinPayTests" */ = {
			isa = XCConfigurationList;
			buildConfigurations = (
				763713E52680E75C006452F7 /* Debug */,
				763713E62680E75C006452F7 /* Release */,
			);
			defaultConfigurationIsVisible = 0;
			defaultConfigurationName = Release;
		};
		763713E72680E75C006452F7 /* Build configuration list for PBXNativeTarget "PenguinPayUITests" */ = {
			isa = XCConfigurationList;
			buildConfigurations = (
				763713E82680E75C006452F7 /* Debug */,
				763713E92680E75C006452F7 /* Release */,
			);
			defaultConfigurationIsVisible = 0;
			defaultConfigurationName = Release;
		};
/* End XCConfigurationList section */

/* Begin XCRemoteSwiftPackageReference section */
		763713EA2680ED82006452F7 /* XCRemoteSwiftPackageReference "IQKeyboardManager" */ = {
			isa = XCRemoteSwiftPackageReference;
			repositoryURL = "https://github.com/hackiftekhar/IQKeyboardManager.git";
			requirement = {
				kind = upToNextMajorVersion;
				minimumVersion = 6.5.6;
			};
		};
		763713ED2680EE6C006452F7 /* XCRemoteSwiftPackageReference "PhoneNumberKit" */ = {
			isa = XCRemoteSwiftPackageReference;
			repositoryURL = "https://github.com/marmelroy/PhoneNumberKit.git";
			requirement = {
				kind = upToNextMajorVersion;
				minimumVersion = 3.3.3;
			};
		};
		763713F02680EF2A006452F7 /* XCRemoteSwiftPackageReference "Action" */ = {
			isa = XCRemoteSwiftPackageReference;
			repositoryURL = "https://github.com/RxSwiftCommunity/Action.git";
			requirement = {
				kind = upToNextMajorVersion;
				minimumVersion = 4.3.0;
			};
		};
		7637142A26815722006452F7 /* XCRemoteSwiftPackageReference "RxSwift" */ = {
			isa = XCRemoteSwiftPackageReference;
			repositoryURL = "https://github.com/ReactiveX/RxSwift.git";
			requirement = {
				kind = upToNextMajorVersion;
				minimumVersion = 6.2.0;
			};
		};
/* End XCRemoteSwiftPackageReference section */

/* Begin XCSwiftPackageProductDependency section */
		763713EB2680ED82006452F7 /* IQKeyboardManagerSwift */ = {
			isa = XCSwiftPackageProductDependency;
			package = 763713EA2680ED82006452F7 /* XCRemoteSwiftPackageReference "IQKeyboardManager" */;
			productName = IQKeyboardManagerSwift;
		};
		763713EE2680EE6C006452F7 /* PhoneNumberKit */ = {
			isa = XCSwiftPackageProductDependency;
			package = 763713ED2680EE6C006452F7 /* XCRemoteSwiftPackageReference "PhoneNumberKit" */;
			productName = PhoneNumberKit;
		};
		763713F12680EF2A006452F7 /* Action */ = {
			isa = XCSwiftPackageProductDependency;
			package = 763713F02680EF2A006452F7 /* XCRemoteSwiftPackageReference "Action" */;
			productName = Action;
		};
		7637142B26815722006452F7 /* RxCocoa */ = {
			isa = XCSwiftPackageProductDependency;
			package = 7637142A26815722006452F7 /* XCRemoteSwiftPackageReference "RxSwift" */;
			productName = RxCocoa;
		};
		7637142D26815722006452F7 /* RxSwift */ = {
			isa = XCSwiftPackageProductDependency;
			package = 7637142A26815722006452F7 /* XCRemoteSwiftPackageReference "RxSwift" */;
			productName = RxSwift;
		};
		7637142F26815722006452F7 /* RxRelay */ = {
			isa = XCSwiftPackageProductDependency;
			package = 7637142A26815722006452F7 /* XCRemoteSwiftPackageReference "RxSwift" */;
			productName = RxRelay;
		};
/* End XCSwiftPackageProductDependency section */
	};
	rootObject = 763713AF2680E75A006452F7 /* Project object */;
}
